
Microsoft Visual Studio Solution File, Format Version 11.00
# Visual Studio 2010
Project("{FAE04EC0-301F-11D3-BF4B-00C04F79EFBC}") = "Boolean Retrieval Model", "Boolean Retrieval Model\Boolean Retrieval Model.csproj", "{B98FCF39-F115-4C28-B730-2E2CD4EFE8CA}"
EndProject
Global
	GlobalSection(SolutionConfigurationPlatforms) = preSolution
		Debug|x86 = Debug|x86
		Release|x86 = Release|x86
	EndGlobalSection
	GlobalSection(ProjectConfigurationPlatforms) = postSolution
		{B98FCF39-F115-4C28-B730-2E2CD4EFE8CA}.Debug|x86.ActiveCfg = Debug|x86
		{B98FCF39-F115-4C28-B730-2E2CD4EFE8CA}.Debug|x86.Build.0 = Debug|x86
		{B98FCF39-F115-4C28-B730-2E2CD4EFE8CA}.Release|x86.ActiveCfg = Release|x86
		{B98FCF39-F115-4C28-B730-2E2CD4EFE8CA}.Release|x86.Build.0 = Release|x86
	EndGlobalSection
	GlobalSection(SolutionProperties) = preSolution
		HideSolutionNode = FALSE
	EndGlobalSection
EndGlobal
